
Microsoft Visual Studio Solution File, Format Version 12.00
# Visual Studio Version 17
VisualStudioVersion = 17.8.34525.116
MinimumVisualStudioVersion = 10.0.40219.1
Project("{FAE04EC0-301F-11D3-BF4B-00C04F79EFBC}") = "ExemploAula", "ExemploAula\ExemploAula.csproj", "{27CBFBE4-38F0-43C3-AF9E-3502BB07B5F9}"
EndProject
Global
	GlobalSection(SolutionConfigurationPlatforms) = preSolution
		Debug|Any CPU = Debug|Any CPU
		Release|Any CPU = Release|Any CPU
	EndGlobalSection
	GlobalSection(ProjectConfigurationPlatforms) = postSolution
		{27CBFBE4-38F0-43C3-AF9E-3502BB07B5F9}.Debug|Any CPU.ActiveCfg = Debug|Any CPU
		{27CBFBE4-38F0-43C3-AF9E-3502BB07B5F9}.Debug|Any CPU.Build.0 = Debug|Any CPU
		{27CBFBE4-38F0-43C3-AF9E-3502BB07B5F9}.Release|Any CPU.ActiveCfg = Release|Any CPU
		{27CBFBE4-38F0-43C3-AF9E-3502BB07B5F9}.Release|Any CPU.Build.0 = Release|Any CPU
	EndGlobalSection
	GlobalSection(SolutionProperties) = preSolution
		HideSolutionNode = FALSE
	EndGlobalSection
	GlobalSection(ExtensibilityGlobals) = postSolution
		SolutionGuid = {0D20985C-4EFB-4E88-9C1F-9E0E86021EC1}
	EndGlobalSection
EndGlobal
